
Microsoft Visual Studio Solution File, Format Version 12.00
# Visual Studio 14
VisualStudioVersion = 14.0.25420.1
MinimumVisualStudioVersion = 10.0.40219.1
Project("{FAE04EC0-301F-11D3-BF4B-00C04F79EFBC}") = "ColorTools", "ColorTools\ColorTools.csproj", "{C8692DBA-5E7B-40FA-964A-2DDEED2D0763}"
EndProject
Global
	GlobalSection(SolutionConfigurationPlatforms) = preSolution
		Debug|Any CPU = Debug|Any CPU
		Release|Any CPU = Release|Any CPU
	EndGlobalSection
	GlobalSection(ProjectConfigurationPlatforms) = postSolution
		{C8692DBA-5E7B-40FA-964A-2DDEED2D0763}.Debug|Any CPU.ActiveCfg = Debug|Any CPU
		{C8692DBA-5E7B-40FA-964A-2DDEED2D0763}.Debug|Any CPU.Build.0 = Debug|Any CPU
		{C8692DBA-5E7B-40FA-964A-2DDEED2D0763}.Release|Any CPU.ActiveCfg = Release|Any CPU
		{C8692DBA-5E7B-40FA-964A-2DDEED2D0763}.Release|Any CPU.Build.0 = Release|Any CPU
	EndGlobalSection
	GlobalSection(SolutionProperties) = preSolution
		HideSolutionNode = FALSE
	EndGlobalSection
EndGlobal
